
Microsoft Visual Studio Solution File, Format Version 12.00
Project("{2150E333-8FDC-42A3-9474-1A3956D46DE8}") = "1-PRESENTATION", "1-PRESENTATION", "{7BD309AE-1364-4F61-8FEF-D977D04EB1A9}"
EndProject
Project("{2150E333-8FDC-42A3-9474-1A3956D46DE8}") = "2-APPLICATION", "2-APPLICATION", "{EBC0CE3A-F467-4665-9F68-B976CEC764F9}"
EndProject
Project("{2150E333-8FDC-42A3-9474-1A3956D46DE8}") = "3-DOMAIN", "3-DOMAIN", "{752E7154-1478-46D7-9169-0C3183333D23}"
EndProject
Project("{2150E333-8FDC-42A3-9474-1A3956D46DE8}") = "4-INFRASTRUCTURE", "4-INFRASTRUCTURE", "{4C2A3EE2-40D8-420E-A4FA-F4F7F4DD8797}"
EndProject
Project("{FAE04EC0-301F-11D3-BF4B-00C04F79EFBC}") = "ClientesApp.Application", "2-APPLICATION\ClientesApp.Application\ClientesApp.Application.csproj", "{29B3B65B-7ED5-49EE-9528-9B197263BD9A}"
EndProject
Project("{FAE04EC0-301F-11D3-BF4B-00C04F79EFBC}") = "ClientesApp.API", "1-PRESENTATION\ClientesApp.API\ClientesApp.API.csproj", "{121D34CF-DAA8-4AFD-B8D0-726FF5405341}"
EndProject
Project("{FAE04EC0-301F-11D3-BF4B-00C04F79EFBC}") = "ClientesApp.Domain", "3-DOMAIN\ClientesApp.Domain\ClientesApp.Domain.csproj", "{7A6E76E7-BD2C-412C-8032-3AF67E89E584}"
EndProject
Project("{FAE04EC0-301F-11D3-BF4B-00C04F79EFBC}") = "ClientesApp.Infra.Data.SqlServer", "4-INFRASTRUCTURE\ClientesApp.Infra.Data.SqlServer\ClientesApp.Infra.Data.SqlServer.csproj", "{E384EC69-DAC9-4F20-8788-153F3F6E9640}"
EndProject
Project("{FAE04EC0-301F-11D3-BF4B-00C04F79EFBC}") = "ClientesApp.Infra.Data.MongoDB", "4-INFRASTRUCTURE\ClientesApp.Infra.Data.MongoDB\ClientesApp.Infra.Data.MongoDB.csproj", "{2DF9B00E-EF9B-4DC5-A72E-B0B97E3FE52F}"
EndProject
Global
	GlobalSection(SolutionConfigurationPlatforms) = preSolution
		Debug|Any CPU = Debug|Any CPU
		Release|Any CPU = Release|Any CPU
	EndGlobalSection
	GlobalSection(ProjectConfigurationPlatforms) = postSolution
		{29B3B65B-7ED5-49EE-9528-9B197263BD9A}.Debug|Any CPU.ActiveCfg = Debug|Any CPU
		{29B3B65B-7ED5-49EE-9528-9B197263BD9A}.Debug|Any CPU.Build.0 = Debug|Any CPU
		{29B3B65B-7ED5-49EE-9528-9B197263BD9A}.Release|Any CPU.ActiveCfg = Release|Any CPU
		{29B3B65B-7ED5-49EE-9528-9B197263BD9A}.Release|Any CPU.Build.0 = Release|Any CPU
		{121D34CF-DAA8-4AFD-B8D0-726FF5405341}.Debug|Any CPU.ActiveCfg = Debug|Any CPU
		{121D34CF-DAA8-4AFD-B8D0-726FF5405341}.Debug|Any CPU.Build.0 = Debug|Any CPU
		{121D34CF-DAA8-4AFD-B8D0-726FF5405341}.Release|Any CPU.ActiveCfg = Release|Any CPU
		{121D34CF-DAA8-4AFD-B8D0-726FF5405341}.Release|Any CPU.Build.0 = Release|Any CPU
		{7A6E76E7-BD2C-412C-8032-3AF67E89E584}.Debug|Any CPU.ActiveCfg = Debug|Any CPU
		{7A6E76E7-BD2C-412C-8032-3AF67E89E584}.Debug|Any CPU.Build.0 = Debug|Any CPU
		{7A6E76E7-BD2C-412C-8032-3AF67E89E584}.Release|Any CPU.ActiveCfg = Release|Any CPU
		{7A6E76E7-BD2C-412C-8032-3AF67E89E584}.Release|Any CPU.Build.0 = Release|Any CPU
		{E384EC69-DAC9-4F20-8788-153F3F6E9640}.Debug|Any CPU.ActiveCfg = Debug|Any CPU
		{E384EC69-DAC9-4F20-8788-153F3F6E9640}.Debug|Any CPU.Build.0 = Debug|Any CPU
		{E384EC69-DAC9-4F20-8788-153F3F6E9640}.Release|Any CPU.ActiveCfg = Release|Any CPU
		{E384EC69-DAC9-4F20-8788-153F3F6E9640}.Release|Any CPU.Build.0 = Release|Any CPU
		{2DF9B00E-EF9B-4DC5-A72E-B0B97E3FE52F}.Debug|Any CPU.ActiveCfg = Debug|Any CPU
		{2DF9B00E-EF9B-4DC5-A72E-B0B97E3FE52F}.Debug|Any CPU.Build.0 = Debug|Any CPU
		{2DF9B00E-EF9B-4DC5-A72E-B0B97E3FE52F}.Release|Any CPU.ActiveCfg = Release|Any CPU
		{2DF9B00E-EF9B-4DC5-A72E-B0B97E3FE52F}.Release|Any CPU.Build.0 = Release|Any CPU
	EndGlobalSection
	GlobalSection(NestedProjects) = preSolution
		{29B3B65B-7ED5-49EE-9528-9B197263BD9A} = {EBC0CE3A-F467-4665-9F68-B976CEC764F9}
		{121D34CF-DAA8-4AFD-B8D0-726FF5405341} = {7BD309AE-1364-4F61-8FEF-D977D04EB1A9}
		{7A6E76E7-BD2C-412C-8032-3AF67E89E584} = {752E7154-1478-46D7-9169-0C3183333D23}
		{E384EC69-DAC9-4F20-8788-153F3F6E9640} = {4C2A3EE2-40D8-420E-A4FA-F4F7F4DD8797}
		{2DF9B00E-EF9B-4DC5-A72E-B0B97E3FE52F} = {4C2A3EE2-40D8-420E-A4FA-F4F7F4DD8797}
	EndGlobalSection
EndGlobal
